<Solution>
    <Folder Name="/Solution Items/">
        <File Path="compose.yaml" />
    </Folder>
    <Folder Name="/Tests/">
        <Project Path="Tests/DotnetManager.IntegrationTests/DotnetManager.IntegrationTests.csproj" />
        <Project Path="Tests/DotnetManager.UnitTests/DotnetManager.UnitTests.csproj" />
    </Folder>
    <Project Path="DotnetManager/DotnetManager.csproj" />
</Solution>
